#MicroXplorer Configuration settings - do not modify
#Fri May 29 21:30:57 CEST 2015
File.Version=5
KeepUserPlacement=false
Mcu.Family=STM32F0
Mcu.IP0=I2C1
Mcu.IP1=NVIC
Mcu.IP2=RCC
Mcu.IP3=SPI1
Mcu.IP4=SYS
Mcu.IP5=USART1
Mcu.IPNb=6
Mcu.Name=STM32F030F4Px
Mcu.Package=TSSOP20
Mcu.Pin0=PF0-OSC_IN
Mcu.Pin1=PF1-OSC_OUT
Mcu.Pin10=PA13
Mcu.Pin11=PA14
Mcu.Pin2=PA2
Mcu.Pin3=PA3
Mcu.Pin4=PA4
Mcu.Pin5=PA5
Mcu.Pin6=PA6
Mcu.Pin7=PA7
Mcu.Pin8=PA9
Mcu.Pin9=PA10
Mcu.PinsNb=12
Mcu.UserName=STM32F030F4Px
MxCube.Version=4.6.0
MxDb.Version=DB.4.0.60
NVIC.SysTick_IRQn=true\:0\:0\:false
PA10.Mode=I2C
PA10.Signal=I2C1_SDA
PA13.Mode=Serial-WireDebug
PA13.Signal=SYS_SWDIO
PA14.Mode=Serial-WireDebug
PA14.Signal=SYS_SWCLK
PA2.Mode=Asynchronous
PA2.Signal=USART1_TX
PA3.Mode=Asynchronous
PA3.Signal=USART1_RX
PA4.Mode=NSS_Signal_Hard
PA4.Signal=SPI1_NSS
PA5.Mode=Full_Duplex_Master
PA5.Signal=SPI1_SCK
PA6.Mode=Full_Duplex_Master
PA6.Signal=SPI1_MISO
PA7.Mode=Full_Duplex_Master
PA7.Signal=SPI1_MOSI
PA9.Mode=I2C
PA9.Signal=I2C1_SCL
PCC.Family=STM32F0
PCC.MCU=STM32F030F4Px
PCC.MXVersion=4.6.0
PCC.PartNumber=STM32F030F4Px
PCC.Seq0=0
PCC.SubFamily=STM32F0x0 Value Line
PCC.Temperature=25
PCC.Vdd=3.6
PF0-OSC_IN.Locked=true
PF0-OSC_IN.Signal=GPIO_Output
PF1-OSC_OUT.Locked=true
PF1-OSC_OUT.Signal=GPIO_Output
RCC.FamilyName=M
RCC.IPParameters=FamilyName,PLLCLKFreq_Value
RCC.PLLCLKFreq_Value=8000000
SPI1.CalculateBaudRate-Full_Duplex_Master=4.0 MBits/s
SPI1.IPParameters=Mode-Full_Duplex_Master,CalculateBaudRate-Full_Duplex_Master,VirtualNSS
SPI1.Mode-Full_Duplex_Master=SPI_MODE_MASTER
SPI1.VirtualNSS=VM_NSSHARD
